
Microsoft Visual Studio Solution File, Format Version 12.00
# Visual Studio Version 16
VisualStudioVersion = 16.0.809.10
MinimumVisualStudioVersion = 10.0.40219.1
Project("{FAE04EC0-301F-11D3-BF4B-00C04F79EFBC}") = "ProcessItemsOrderCSVToXML", "ProcessItemsOrderCSVToXML\ProcessItemsOrderCSVToXML.csproj", "{E1FFDACD-2AC0-4F0C-8BFB-E2EF55D4BB80}"
EndProject
Global
	GlobalSection(SolutionConfigurationPlatforms) = preSolution
		Debug|Any CPU = Debug|Any CPU
		Release|Any CPU = Release|Any CPU
	EndGlobalSection
	GlobalSection(ProjectConfigurationPlatforms) = postSolution
		{E1FFDACD-2AC0-4F0C-8BFB-E2EF55D4BB80}.Debug|Any CPU.ActiveCfg = Debug|Any CPU
		{E1FFDACD-2AC0-4F0C-8BFB-E2EF55D4BB80}.Debug|Any CPU.Build.0 = Debug|Any CPU
		{E1FFDACD-2AC0-4F0C-8BFB-E2EF55D4BB80}.Release|Any CPU.ActiveCfg = Release|Any CPU
		{E1FFDACD-2AC0-4F0C-8BFB-E2EF55D4BB80}.Release|Any CPU.Build.0 = Release|Any CPU
	EndGlobalSection
	GlobalSection(SolutionProperties) = preSolution
		HideSolutionNode = FALSE
	EndGlobalSection
	GlobalSection(ExtensibilityGlobals) = postSolution
		SolutionGuid = {85307251-0AF3-4813-8178-5036A1641E65}
	EndGlobalSection
EndGlobal
